// !$*UTF8*$!
{
	archiveVersion = 1;
	classes = {
	};
	objectVersion = 56;
	objects = {

/* Begin PBXBuildFile section */
		A00000000000000000000001 /* CatholicFastingAppApp.swift in Sources */ = {isa = PBXBuildFile; fileRef = A00000000000000000000011 /* CatholicFastingAppApp.swift */; };
		A00000000000000000000002 /* ContentView.swift in Sources */ = {isa = PBXBuildFile; fileRef = A00000000000000000000012 /* ContentView.swift */; };
		A00000000000000000000003 /* ObservanceStore.swift in Sources */ = {isa = PBXBuildFile; fileRef = A00000000000000000000013 /* ObservanceStore.swift */; };
		A00000000000000000000004 /* Assets.xcassets in Resources */ = {isa = PBXBuildFile; fileRef = A00000000000000000000014 /* Assets.xcassets */; };
		A00000000000000000000020 /* CatholicFastingAppUITests.swift in Sources */ = {isa = PBXBuildFile; fileRef = A00000000000000000000021 /* CatholicFastingAppUITests.swift */; };
		A00000000000000000000030 /* RuleDomain.swift in Sources */ = {isa = PBXBuildFile; fileRef = A00000000000000000000031 /* RuleDomain.swift */; };
		A00000000000000000000032 /* ObservanceCalculator.swift in Sources */ = {isa = PBXBuildFile; fileRef = A00000000000000000000033 /* ObservanceCalculator.swift */; };
		A00000000000000000000034 /* CompletionStatusAndFastTracker.swift in Sources */ = {isa = PBXBuildFile; fileRef = A00000000000000000000035 /* CompletionStatusAndFastTracker.swift */; };
		A00000000000000000000036 /* RuleBundleRepository.swift in Sources */ = {isa = PBXBuildFile; fileRef = A00000000000000000000037 /* RuleBundleRepository.swift */; };
		A00000000000000000000038 /* ContentSupportViews.swift in Sources */ = {isa = PBXBuildFile; fileRef = A00000000000000000000039 /* ContentSupportViews.swift */; };
		A0000000000000000000003A /* ContentView+DashboardSections.swift in Sources */ = {isa = PBXBuildFile; fileRef = A0000000000000000000003B /* ContentView+DashboardSections.swift */; };
		A0000000000000000000003C /* ContentView+GuidanceSections.swift in Sources */ = {isa = PBXBuildFile; fileRef = A0000000000000000000003D /* ContentView+GuidanceSections.swift */; };
		A0000000000000000000003E /* ContentView+SettingsSections.swift in Sources */ = {isa = PBXBuildFile; fileRef = A0000000000000000000003F /* ContentView+SettingsSections.swift */; };
		A00000000000000000000040 /* Localizable.strings in Resources */ = {isa = PBXBuildFile; fileRef = A00000000000000000000043 /* Localizable.strings */; };
		A00000000000000000000045 /* PrivacyInfo.xcprivacy in Resources */ = {isa = PBXBuildFile; fileRef = A00000000000000000000044 /* PrivacyInfo.xcprivacy */; };
		A00000000000000000000046 /* ContentView+CalendarSections.swift in Sources */ = {isa = PBXBuildFile; fileRef = A00000000000000000000047 /* ContentView+CalendarSections.swift */; };
		A00000000000000000000048 /* ContentView+IntermittentSections.swift in Sources */ = {isa = PBXBuildFile; fileRef = A00000000000000000000049 /* ContentView+IntermittentSections.swift */; };
		A0000000000000000000004A /* ContentView+StateHelpers.swift in Sources */ = {isa = PBXBuildFile; fileRef = A0000000000000000000004B /* ContentView+StateHelpers.swift */; };
		A0000000000000000000004C /* FridayPenanceNotes.swift in Sources */ = {isa = PBXBuildFile; fileRef = A0000000000000000000004D /* FridayPenanceNotes.swift */; };
		A0000000000000000000004E /* IntermittentFastTracker.swift in Sources */ = {isa = PBXBuildFile; fileRef = A0000000000000000000004F /* IntermittentFastTracker.swift */; };
		A00000000000000000000050 /* SyncDiagnostics.swift in Sources */ = {isa = PBXBuildFile; fileRef = A00000000000000000000051 /* SyncDiagnostics.swift */; };
		A00000000000000000000052 /* GuidanceEngines.swift in Sources */ = {isa = PBXBuildFile; fileRef = A00000000000000000000053 /* GuidanceEngines.swift */; };
		A00000000000000000000054 /* DataProtectionEngine.swift in Sources */ = {isa = PBXBuildFile; fileRef = A00000000000000000000055 /* DataProtectionEngine.swift */; };
		A00000000000000000000056 /* SyncStore.swift in Sources */ = {isa = PBXBuildFile; fileRef = A00000000000000000000057 /* SyncStore.swift */; };
		A00000000000000000000058 /* FoundationDateExtensions.swift in Sources */ = {isa = PBXBuildFile; fileRef = A00000000000000000000059 /* FoundationDateExtensions.swift */; };
		A0000000000000000000005A /* LiturgicalSeasonThemeEngine.swift in Sources */ = {isa = PBXBuildFile; fileRef = A0000000000000000000005B /* LiturgicalSeasonThemeEngine.swift */; };
		A00000000000000000000061 /* AppIntents.framework in Frameworks */ = {isa = PBXBuildFile; fileRef = A00000000000000000000060 /* AppIntents.framework */; };
		A00000000000000000000062 /* AppIntents.framework in Frameworks */ = {isa = PBXBuildFile; fileRef = A00000000000000000000060 /* AppIntents.framework */; };
		A00000000000000000000063 /* PremiumExperienceEngine.swift in Sources */ = {isa = PBXBuildFile; fileRef = A00000000000000000000064 /* PremiumExperienceEngine.swift */; };
		A00000000000000000000076 /* CatholicFastingWidgetBundle.swift in Sources */ = {isa = PBXBuildFile; fileRef = A00000000000000000000071 /* CatholicFastingWidgetBundle.swift */; };
		A00000000000000000000077 /* CatholicFastingWidget.swift in Sources */ = {isa = PBXBuildFile; fileRef = A00000000000000000000072 /* CatholicFastingWidget.swift */; };
		A00000000000000000000078 /* CatholicFastingWidget.appex in Embed App Extensions */ = {isa = PBXBuildFile; fileRef = A00000000000000000000070 /* CatholicFastingWidget.appex */; settings = {ATTRIBUTES = (RemoveHeadersOnCopy, ); }; };
		A00000000000000000000091 /* IconFallbacks in Resources */ = {isa = PBXBuildFile; fileRef = A00000000000000000000090 /* IconFallbacks */; };
		A00000000000000000000095 /* AppShellTypes.swift in Sources */ = {isa = PBXBuildFile; fileRef = A00000000000000000000092 /* AppShellTypes.swift */; };
		A00000000000000000000096 /* ReminderScheduler.swift in Sources */ = {isa = PBXBuildFile; fileRef = A00000000000000000000093 /* ReminderScheduler.swift */; };
		A00000000000000000000097 /* ContentView+RootShell.swift in Sources */ = {isa = PBXBuildFile; fileRef = A00000000000000000000094 /* ContentView+RootShell.swift */; };
		A00000000000000000000099 /* ContentView+PremiumCompanionSections.swift in Sources */ = {isa = PBXBuildFile; fileRef = A0000000000000000000009A /* ContentView+PremiumCompanionSections.swift */; };
		A0000000000000000000009C /* GrowthContracts.swift in Sources */ = {isa = PBXBuildFile; fileRef = A0000000000000000000009B /* GrowthContracts.swift */; };
		A0000000000000000000009E /* ContentView+iPadLayouts.swift in Sources */ = {isa = PBXBuildFile; fileRef = A0000000000000000000009D /* ContentView+iPadLayouts.swift */; };
		A0000000000000000000009F /* RegionalGuidanceContext.swift in Sources */ = {isa = PBXBuildFile; fileRef = A000000000000000000000A4 /* RegionalGuidanceContext.swift */; };
		A000000000000000000000A0 /* ContentView+iPadToday.swift in Sources */ = {isa = PBXBuildFile; fileRef = A000000000000000000000A5 /* ContentView+iPadToday.swift */; };
		A000000000000000000000A1 /* ContentView+iPadFastingDays.swift in Sources */ = {isa = PBXBuildFile; fileRef = A000000000000000000000A6 /* ContentView+iPadFastingDays.swift */; };
		A000000000000000000000A2 /* ContentView+iPadTrackFast.swift in Sources */ = {isa = PBXBuildFile; fileRef = A000000000000000000000A7 /* ContentView+iPadTrackFast.swift */; };
		A000000000000000000000A3 /* ContentView+iPadMore.swift in Sources */ = {isa = PBXBuildFile; fileRef = A000000000000000000000A8 /* ContentView+iPadMore.swift */; };
		A000000000000000000000A9 /* ContentView+iPadMoreDestinations.swift in Sources */ = {isa = PBXBuildFile; fileRef = A000000000000000000000AA /* ContentView+iPadMoreDestinations.swift */; };
		A000000000000000000000AB /* ContentView+iPadPremiumWorkspace.swift in Sources */ = {isa = PBXBuildFile; fileRef = A000000000000000000000AC /* ContentView+iPadPremiumWorkspace.swift */; };
		A000000000000000000000AD /* ContentView+iPadComponents.swift in Sources */ = {isa = PBXBuildFile; fileRef = A000000000000000000000AE /* ContentView+iPadComponents.swift */; };
		A000000000000000000000AF /* ContentView+iPadTodayCards.swift in Sources */ = {isa = PBXBuildFile; fileRef = A000000000000000000000B0 /* ContentView+iPadTodayCards.swift */; };
		A000000000000000000000B1 /* ContentView+iPadFastingDaysPanels.swift in Sources */ = {isa = PBXBuildFile; fileRef = A000000000000000000000B2 /* ContentView+iPadFastingDaysPanels.swift */; };
		A000000000000000000000B3 /* ContentView+iPadTrackFastPanels.swift in Sources */ = {isa = PBXBuildFile; fileRef = A000000000000000000000B4 /* ContentView+iPadTrackFastPanels.swift */; };
		A000000000000000000000C1 /* AppDesignSystem.swift in Sources */ = {isa = PBXBuildFile; fileRef = A000000000000000000000D1 /* AppDesignSystem.swift */; };
		A000000000000000000000C2 /* PremiumJourneyEngine.swift in Sources */ = {isa = PBXBuildFile; fileRef = A000000000000000000000D2 /* PremiumJourneyEngine.swift */; };
		A000000000000000000000C3 /* ContentView+PremiumCompanionWorkflows.swift in Sources */ = {isa = PBXBuildFile; fileRef = A000000000000000000000D3 /* ContentView+PremiumCompanionWorkflows.swift */; };
		A000000000000000000000C4 /* ContentView+PremiumCompanionState.swift in Sources */ = {isa = PBXBuildFile; fileRef = A000000000000000000000D4 /* ContentView+PremiumCompanionState.swift */; };
		A000000000000000000000C5 /* CatholicFastingAppUITests+OnboardingSetup.swift in Sources */ = {isa = PBXBuildFile; fileRef = A000000000000000000000D5 /* CatholicFastingAppUITests+OnboardingSetup.swift */; };
		A000000000000000000000C6 /* CatholicFastingAppUITests+TodayCalendar.swift in Sources */ = {isa = PBXBuildFile; fileRef = A000000000000000000000D6 /* CatholicFastingAppUITests+TodayCalendar.swift */; };
		A000000000000000000000C7 /* CatholicFastingAppUITests+Premium.swift in Sources */ = {isa = PBXBuildFile; fileRef = A000000000000000000000D7 /* CatholicFastingAppUITests+Premium.swift */; };
		A000000000000000000000C8 /* CatholicFastingAppUITests+TrackFast.swift in Sources */ = {isa = PBXBuildFile; fileRef = A000000000000000000000D8 /* CatholicFastingAppUITests+TrackFast.swift */; };
		A000000000000000000000C9 /* CatholicFastingAppUITests+IPadNavigation.swift in Sources */ = {isa = PBXBuildFile; fileRef = A000000000000000000000D9 /* CatholicFastingAppUITests+IPadNavigation.swift */; };
/* End PBXBuildFile section */

/* Begin PBXContainerItemProxy section */
		A0000000000000000000002B /* PBXContainerItemProxy */ = {
			isa = PBXContainerItemProxy;
			containerPortal = A00000000000000000000007 /* Project object */;
			proxyType = 1;
			remoteGlobalIDString = A00000000000000000000006;
			remoteInfo = CatholicFastingApp;
		};
		A00000000000000000000082 /* PBXContainerItemProxy */ = {
			isa = PBXContainerItemProxy;
			containerPortal = A00000000000000000000007 /* Project object */;
			proxyType = 1;
			remoteGlobalIDString = A0000000000000000000007E;
			remoteInfo = CatholicFastingWidget;
		};
/* End PBXContainerItemProxy section */

/* Begin PBXCopyFilesBuildPhase section */
		A0000000000000000000007A /* Embed App Extensions */ = {
			isa = PBXCopyFilesBuildPhase;
			buildActionMask = 2147483647;
			dstPath = "";
			dstSubfolderSpec = 13;
			files = (
				A00000000000000000000078 /* CatholicFastingWidget.appex in Embed App Extensions */,
			);
			name = "Embed App Extensions";
			runOnlyForDeploymentPostprocessing = 0;
		};
/* End PBXCopyFilesBuildPhase section */

/* Begin PBXFileReference section */
		A0000000000000000000000F /* CatholicFastingApp.app */ = {isa = PBXFileReference; explicitFileType = wrapper.application; includeInIndex = 0; path = CatholicFastingApp.app; sourceTree = BUILT_PRODUCTS_DIR; };
		A00000000000000000000011 /* CatholicFastingAppApp.swift */ = {isa = PBXFileReference; lastKnownFileType = sourcecode.swift; path = CatholicFastingAppApp.swift; sourceTree = "<group>"; };
		A00000000000000000000012 /* ContentView.swift */ = {isa = PBXFileReference; lastKnownFileType = sourcecode.swift; path = ContentView.swift; sourceTree = "<group>"; };
		A00000000000000000000013 /* ObservanceStore.swift */ = {isa = PBXFileReference; lastKnownFileType = sourcecode.swift; path = ObservanceStore.swift; sourceTree = "<group>"; };
		A00000000000000000000014 /* Assets.xcassets */ = {isa = PBXFileReference; lastKnownFileType = folder.assetcatalog; path = Assets.xcassets; sourceTree = "<group>"; };
		A0000000000000000000001A /* CatholicFastingApp.entitlements */ = {isa = PBXFileReference; lastKnownFileType = text.plist.entitlements; path = CatholicFastingApp.entitlements; sourceTree = "<group>"; };
		A00000000000000000000021 /* CatholicFastingAppUITests.swift */ = {isa = PBXFileReference; lastKnownFileType = sourcecode.swift; path = CatholicFastingAppUITests.swift; sourceTree = "<group>"; };
		A00000000000000000000022 /* CatholicFastingAppUITests.xctest */ = {isa = PBXFileReference; explicitFileType = wrapper.cfbundle; includeInIndex = 0; path = CatholicFastingAppUITests.xctest; sourceTree = BUILT_PRODUCTS_DIR; };
		A00000000000000000000023 /* Info.plist */ = {isa = PBXFileReference; lastKnownFileType = text.plist.xml; path = Info.plist; sourceTree = "<group>"; };
		A00000000000000000000031 /* RuleDomain.swift */ = {isa = PBXFileReference; lastKnownFileType = sourcecode.swift; path = RuleDomain.swift; sourceTree = "<group>"; };
		A00000000000000000000033 /* ObservanceCalculator.swift */ = {isa = PBXFileReference; lastKnownFileType = sourcecode.swift; path = ObservanceCalculator.swift; sourceTree = "<group>"; };
		A00000000000000000000035 /* CompletionStatusAndFastTracker.swift */ = {isa = PBXFileReference; lastKnownFileType = sourcecode.swift; path = CompletionStatusAndFastTracker.swift; sourceTree = "<group>"; };
		A00000000000000000000037 /* RuleBundleRepository.swift */ = {isa = PBXFileReference; lastKnownFileType = sourcecode.swift; path = RuleBundleRepository.swift; sourceTree = "<group>"; };
		A00000000000000000000039 /* ContentSupportViews.swift */ = {isa = PBXFileReference; lastKnownFileType = sourcecode.swift; path = ContentSupportViews.swift; sourceTree = "<group>"; };
		A0000000000000000000003B /* ContentView+DashboardSections.swift */ = {isa = PBXFileReference; lastKnownFileType = sourcecode.swift; path = "ContentView+DashboardSections.swift"; sourceTree = "<group>"; };
		A0000000000000000000003D /* ContentView+GuidanceSections.swift */ = {isa = PBXFileReference; lastKnownFileType = sourcecode.swift; path = "ContentView+GuidanceSections.swift"; sourceTree = "<group>"; };
		A0000000000000000000003F /* ContentView+SettingsSections.swift */ = {isa = PBXFileReference; lastKnownFileType = sourcecode.swift; path = "ContentView+SettingsSections.swift"; sourceTree = "<group>"; };
		A00000000000000000000041 /* en */ = {isa = PBXFileReference; lastKnownFileType = text.plist.strings; name = en; path = en.lproj/Localizable.strings; sourceTree = "<group>"; };
		A00000000000000000000042 /* es */ = {isa = PBXFileReference; lastKnownFileType = text.plist.strings; name = es; path = es.lproj/Localizable.strings; sourceTree = "<group>"; };
		A00000000000000000000044 /* PrivacyInfo.xcprivacy */ = {isa = PBXFileReference; lastKnownFileType = text.plist.xml; path = PrivacyInfo.xcprivacy; sourceTree = "<group>"; };
		A00000000000000000000047 /* ContentView+CalendarSections.swift */ = {isa = PBXFileReference; lastKnownFileType = sourcecode.swift; path = "ContentView+CalendarSections.swift"; sourceTree = "<group>"; };
		A00000000000000000000049 /* ContentView+IntermittentSections.swift */ = {isa = PBXFileReference; lastKnownFileType = sourcecode.swift; path = "ContentView+IntermittentSections.swift"; sourceTree = "<group>"; };
		A0000000000000000000004B /* ContentView+StateHelpers.swift */ = {isa = PBXFileReference; lastKnownFileType = sourcecode.swift; path = "ContentView+StateHelpers.swift"; sourceTree = "<group>"; };
		A0000000000000000000004D /* FridayPenanceNotes.swift */ = {isa = PBXFileReference; lastKnownFileType = sourcecode.swift; path = FridayPenanceNotes.swift; sourceTree = "<group>"; };
		A0000000000000000000004F /* IntermittentFastTracker.swift */ = {isa = PBXFileReference; lastKnownFileType = sourcecode.swift; path = IntermittentFastTracker.swift; sourceTree = "<group>"; };
		A00000000000000000000051 /* SyncDiagnostics.swift */ = {isa = PBXFileReference; lastKnownFileType = sourcecode.swift; path = SyncDiagnostics.swift; sourceTree = "<group>"; };
		A00000000000000000000053 /* GuidanceEngines.swift */ = {isa = PBXFileReference; lastKnownFileType = sourcecode.swift; path = GuidanceEngines.swift; sourceTree = "<group>"; };
		A00000000000000000000055 /* DataProtectionEngine.swift */ = {isa = PBXFileReference; lastKnownFileType = sourcecode.swift; path = DataProtectionEngine.swift; sourceTree = "<group>"; };
		A00000000000000000000057 /* SyncStore.swift */ = {isa = PBXFileReference; lastKnownFileType = sourcecode.swift; path = SyncStore.swift; sourceTree = "<group>"; };
		A00000000000000000000059 /* FoundationDateExtensions.swift */ = {isa = PBXFileReference; lastKnownFileType = sourcecode.swift; path = FoundationDateExtensions.swift; sourceTree = "<group>"; };
		A0000000000000000000005B /* LiturgicalSeasonThemeEngine.swift */ = {isa = PBXFileReference; lastKnownFileType = sourcecode.swift; path = LiturgicalSeasonThemeEngine.swift; sourceTree = "<group>"; };
		A00000000000000000000060 /* AppIntents.framework */ = {isa = PBXFileReference; lastKnownFileType = wrapper.framework; name = AppIntents.framework; path = System/Library/Frameworks/AppIntents.framework; sourceTree = SDKROOT; };
		A00000000000000000000064 /* PremiumExperienceEngine.swift */ = {isa = PBXFileReference; lastKnownFileType = sourcecode.swift; path = PremiumExperienceEngine.swift; sourceTree = "<group>"; };
		A00000000000000000000070 /* CatholicFastingWidget.appex */ = {isa = PBXFileReference; explicitFileType = "wrapper.app-extension"; includeInIndex = 0; path = CatholicFastingWidget.appex; sourceTree = BUILT_PRODUCTS_DIR; };
		A00000000000000000000071 /* CatholicFastingWidgetBundle.swift */ = {isa = PBXFileReference; lastKnownFileType = sourcecode.swift; path = CatholicFastingWidgetBundle.swift; sourceTree = "<group>"; };
		A00000000000000000000072 /* CatholicFastingWidget.swift */ = {isa = PBXFileReference; lastKnownFileType = sourcecode.swift; path = CatholicFastingWidget.swift; sourceTree = "<group>"; };
		A00000000000000000000073 /* Info.plist */ = {isa = PBXFileReference; lastKnownFileType = text.plist.xml; path = Info.plist; sourceTree = "<group>"; };
		A00000000000000000000074 /* CatholicFastingWidget.entitlements */ = {isa = PBXFileReference; lastKnownFileType = text.plist.entitlements; path = CatholicFastingWidget.entitlements; sourceTree = "<group>"; };
		A00000000000000000000090 /* IconFallbacks */ = {isa = PBXFileReference; lastKnownFileType = folder; path = IconFallbacks; sourceTree = "<group>"; };
		A00000000000000000000092 /* AppShellTypes.swift */ = {isa = PBXFileReference; lastKnownFileType = sourcecode.swift; path = AppShellTypes.swift; sourceTree = "<group>"; };
		A00000000000000000000093 /* ReminderScheduler.swift */ = {isa = PBXFileReference; lastKnownFileType = sourcecode.swift; path = ReminderScheduler.swift; sourceTree = "<group>"; };
		A00000000000000000000094 /* ContentView+RootShell.swift */ = {isa = PBXFileReference; lastKnownFileType = sourcecode.swift; path = "ContentView+RootShell.swift"; sourceTree = "<group>"; };
		A00000000000000000000098 /* Premium.storekit */ = {isa = PBXFileReference; lastKnownFileType = text.json; path = Premium.storekit; sourceTree = "<group>"; };
		A0000000000000000000009A /* ContentView+PremiumCompanionSections.swift */ = {isa = PBXFileReference; lastKnownFileType = sourcecode.swift; path = "ContentView+PremiumCompanionSections.swift"; sourceTree = "<group>"; };
		A0000000000000000000009B /* GrowthContracts.swift */ = {isa = PBXFileReference; lastKnownFileType = sourcecode.swift; path = GrowthContracts.swift; sourceTree = "<group>"; };
		A0000000000000000000009D /* ContentView+iPadLayouts.swift */ = {isa = PBXFileReference; lastKnownFileType = sourcecode.swift; path = "ContentView+iPadLayouts.swift"; sourceTree = "<group>"; };
		A000000000000000000000A4 /* RegionalGuidanceContext.swift */ = {isa = PBXFileReference; lastKnownFileType = sourcecode.swift; path = RegionalGuidanceContext.swift; sourceTree = "<group>"; };
		A000000000000000000000A5 /* ContentView+iPadToday.swift */ = {isa = PBXFileReference; lastKnownFileType = sourcecode.swift; path = "ContentView+iPadToday.swift"; sourceTree = "<group>"; };
		A000000000000000000000A6 /* ContentView+iPadFastingDays.swift */ = {isa = PBXFileReference; lastKnownFileType = sourcecode.swift; path = "ContentView+iPadFastingDays.swift"; sourceTree = "<group>"; };
		A000000000000000000000A7 /* ContentView+iPadTrackFast.swift */ = {isa = PBXFileReference; lastKnownFileType = sourcecode.swift; path = "ContentView+iPadTrackFast.swift"; sourceTree = "<group>"; };
		A000000000000000000000A8 /* ContentView+iPadMore.swift */ = {isa = PBXFileReference; lastKnownFileType = sourcecode.swift; path = "ContentView+iPadMore.swift"; sourceTree = "<group>"; };
		A000000000000000000000AA /* ContentView+iPadMoreDestinations.swift */ = {isa = PBXFileReference; lastKnownFileType = sourcecode.swift; path = "ContentView+iPadMoreDestinations.swift"; sourceTree = "<group>"; };
		A000000000000000000000AC /* ContentView+iPadPremiumWorkspace.swift */ = {isa = PBXFileReference; lastKnownFileType = sourcecode.swift; path = "ContentView+iPadPremiumWorkspace.swift"; sourceTree = "<group>"; };
		A000000000000000000000AE /* ContentView+iPadComponents.swift */ = {isa = PBXFileReference; lastKnownFileType = sourcecode.swift; path = "ContentView+iPadComponents.swift"; sourceTree = "<group>"; };
		A000000000000000000000B0 /* ContentView+iPadTodayCards.swift */ = {isa = PBXFileReference; lastKnownFileType = sourcecode.swift; path = "ContentView+iPadTodayCards.swift"; sourceTree = "<group>"; };
		A000000000000000000000B2 /* ContentView+iPadFastingDaysPanels.swift */ = {isa = PBXFileReference; lastKnownFileType = sourcecode.swift; path = "ContentView+iPadFastingDaysPanels.swift"; sourceTree = "<group>"; };
		A000000000000000000000B4 /* ContentView+iPadTrackFastPanels.swift */ = {isa = PBXFileReference; lastKnownFileType = sourcecode.swift; path = "ContentView+iPadTrackFastPanels.swift"; sourceTree = "<group>"; };
		A000000000000000000000D1 /* AppDesignSystem.swift */ = {isa = PBXFileReference; lastKnownFileType = sourcecode.swift; path = AppDesignSystem.swift; sourceTree = "<group>"; };
		A000000000000000000000D2 /* PremiumJourneyEngine.swift */ = {isa = PBXFileReference; lastKnownFileType = sourcecode.swift; path = PremiumJourneyEngine.swift; sourceTree = "<group>"; };
		A000000000000000000000D3 /* ContentView+PremiumCompanionWorkflows.swift */ = {isa = PBXFileReference; lastKnownFileType = sourcecode.swift; path = "ContentView+PremiumCompanionWorkflows.swift"; sourceTree = "<group>"; };
		A000000000000000000000D4 /* ContentView+PremiumCompanionState.swift */ = {isa = PBXFileReference; lastKnownFileType = sourcecode.swift; path = "ContentView+PremiumCompanionState.swift"; sourceTree = "<group>"; };
		A000000000000000000000D5 /* CatholicFastingAppUITests+OnboardingSetup.swift */ = {isa = PBXFileReference; lastKnownFileType = sourcecode.swift; path = "CatholicFastingAppUITests+OnboardingSetup.swift"; sourceTree = "<group>"; };
		A000000000000000000000D6 /* CatholicFastingAppUITests+TodayCalendar.swift */ = {isa = PBXFileReference; lastKnownFileType = sourcecode.swift; path = "CatholicFastingAppUITests+TodayCalendar.swift"; sourceTree = "<group>"; };
		A000000000000000000000D7 /* CatholicFastingAppUITests+Premium.swift */ = {isa = PBXFileReference; lastKnownFileType = sourcecode.swift; path = "CatholicFastingAppUITests+Premium.swift"; sourceTree = "<group>"; };
		A000000000000000000000D8 /* CatholicFastingAppUITests+TrackFast.swift */ = {isa = PBXFileReference; lastKnownFileType = sourcecode.swift; path = "CatholicFastingAppUITests+TrackFast.swift"; sourceTree = "<group>"; };
		A000000000000000000000D9 /* CatholicFastingAppUITests+IPadNavigation.swift */ = {isa = PBXFileReference; lastKnownFileType = sourcecode.swift; path = "CatholicFastingAppUITests+IPadNavigation.swift"; sourceTree = "<group>"; };
/* End PBXFileReference section */

/* Begin PBXFrameworksBuildPhase section */
		A0000000000000000000000C /* Frameworks */ = {
			isa = PBXFrameworksBuildPhase;
			buildActionMask = 2147483647;
			files = (
				A00000000000000000000061 /* AppIntents.framework in Frameworks */,
			);
			runOnlyForDeploymentPostprocessing = 0;
		};
		A00000000000000000000026 /* Frameworks */ = {
			isa = PBXFrameworksBuildPhase;
			buildActionMask = 2147483647;
			files = (
				A00000000000000000000062 /* AppIntents.framework in Frameworks */,
			);
			runOnlyForDeploymentPostprocessing = 0;
		};
		A0000000000000000000007C /* Frameworks */ = {
			isa = PBXFrameworksBuildPhase;
			buildActionMask = 2147483647;
			files = (
			);
			runOnlyForDeploymentPostprocessing = 0;
		};
/* End PBXFrameworksBuildPhase section */

/* Begin PBXGroup section */
		A00000000000000000000005 = {
			isa = PBXGroup;
			children = (
				A00000000000000000000010 /* CatholicFastingApp */,
				A00000000000000000000024 /* CatholicFastingAppUITests */,
				A00000000000000000000084 /* CatholicFastingWidget */,
				A0000000000000000000000E /* Products */,
			);
			sourceTree = "<group>";
		};
		A0000000000000000000000E /* Products */ = {
			isa = PBXGroup;
			children = (
				A0000000000000000000000F /* CatholicFastingApp.app */,
				A00000000000000000000022 /* CatholicFastingAppUITests.xctest */,
				A00000000000000000000070 /* CatholicFastingWidget.appex */,
			);
			name = Products;
			sourceTree = "<group>";
		};
		A00000000000000000000010 /* CatholicFastingApp */ = {
			isa = PBXGroup;
			children = (
				A00000000000000000000011 /* CatholicFastingAppApp.swift */,
				A00000000000000000000012 /* ContentView.swift */,
				A0000000000000000000003B /* ContentView+DashboardSections.swift */,
				A00000000000000000000047 /* ContentView+CalendarSections.swift */,
				A00000000000000000000049 /* ContentView+IntermittentSections.swift */,
				A0000000000000000000004B /* ContentView+StateHelpers.swift */,
				A00000000000000000000094 /* ContentView+RootShell.swift */,
				A0000000000000000000009D /* ContentView+iPadLayouts.swift */,
				A000000000000000000000AE /* ContentView+iPadComponents.swift */,
				A000000000000000000000A5 /* ContentView+iPadToday.swift */,
				A000000000000000000000B0 /* ContentView+iPadTodayCards.swift */,
				A000000000000000000000A6 /* ContentView+iPadFastingDays.swift */,
				A000000000000000000000B2 /* ContentView+iPadFastingDaysPanels.swift */,
				A000000000000000000000A7 /* ContentView+iPadTrackFast.swift */,
				A000000000000000000000B4 /* ContentView+iPadTrackFastPanels.swift */,
				A000000000000000000000A8 /* ContentView+iPadMore.swift */,
				A000000000000000000000AA /* ContentView+iPadMoreDestinations.swift */,
				A000000000000000000000AC /* ContentView+iPadPremiumWorkspace.swift */,
				A0000000000000000000009A /* ContentView+PremiumCompanionSections.swift */,
				A000000000000000000000D3 /* ContentView+PremiumCompanionWorkflows.swift */,
				A000000000000000000000D4 /* ContentView+PremiumCompanionState.swift */,
				A0000000000000000000003D /* ContentView+GuidanceSections.swift */,
				A0000000000000000000003F /* ContentView+SettingsSections.swift */,
				A000000000000000000000D1 /* AppDesignSystem.swift */,
				A00000000000000000000092 /* AppShellTypes.swift */,
				A00000000000000000000093 /* ReminderScheduler.swift */,
				A00000000000000000000039 /* ContentSupportViews.swift */,
				A00000000000000000000043 /* Localizable.strings */,
				A00000000000000000000044 /* PrivacyInfo.xcprivacy */,
				A00000000000000000000090 /* IconFallbacks */,
				A00000000000000000000015 /* Models */,
				A00000000000000000000014 /* Assets.xcassets */,
				A0000000000000000000001A /* CatholicFastingApp.entitlements */,
				A00000000000000000000098 /* Premium.storekit */,
				A00000000000000000000060 /* AppIntents.framework */,
			);
			path = CatholicFastingApp;
			sourceTree = "<group>";
		};
		A00000000000000000000015 /* Models */ = {
			isa = PBXGroup;
			children = (
				A00000000000000000000013 /* ObservanceStore.swift */,
				A00000000000000000000031 /* RuleDomain.swift */,
				A00000000000000000000033 /* ObservanceCalculator.swift */,
				A0000000000000000000005B /* LiturgicalSeasonThemeEngine.swift */,
				A00000000000000000000035 /* CompletionStatusAndFastTracker.swift */,
				A0000000000000000000004D /* FridayPenanceNotes.swift */,
				A0000000000000000000004F /* IntermittentFastTracker.swift */,
				A00000000000000000000051 /* SyncDiagnostics.swift */,
				A00000000000000000000053 /* GuidanceEngines.swift */,
				A00000000000000000000037 /* RuleBundleRepository.swift */,
				A00000000000000000000055 /* DataProtectionEngine.swift */,
				A00000000000000000000057 /* SyncStore.swift */,
				A00000000000000000000059 /* FoundationDateExtensions.swift */,
				A00000000000000000000064 /* PremiumExperienceEngine.swift */,
				A000000000000000000000D2 /* PremiumJourneyEngine.swift */,
				A0000000000000000000009B /* GrowthContracts.swift */,
				A000000000000000000000A4 /* RegionalGuidanceContext.swift */,
			);
			path = Models;
			sourceTree = "<group>";
		};
		A00000000000000000000024 /* CatholicFastingAppUITests */ = {
			isa = PBXGroup;
			children = (
				A00000000000000000000021 /* CatholicFastingAppUITests.swift */,
				A000000000000000000000D5 /* CatholicFastingAppUITests+OnboardingSetup.swift */,
				A000000000000000000000D6 /* CatholicFastingAppUITests+TodayCalendar.swift */,
				A000000000000000000000D7 /* CatholicFastingAppUITests+Premium.swift */,
				A000000000000000000000D8 /* CatholicFastingAppUITests+TrackFast.swift */,
				A000000000000000000000D9 /* CatholicFastingAppUITests+IPadNavigation.swift */,
				A00000000000000000000023 /* Info.plist */,
			);
			path = CatholicFastingAppUITests;
			sourceTree = "<group>";
		};
		A00000000000000000000084 /* CatholicFastingWidget */ = {
			isa = PBXGroup;
			children = (
				A00000000000000000000071 /* CatholicFastingWidgetBundle.swift */,
				A00000000000000000000072 /* CatholicFastingWidget.swift */,
				A00000000000000000000073 /* Info.plist */,
				A00000000000000000000074 /* CatholicFastingWidget.entitlements */,
			);
			path = CatholicFastingWidget;
			sourceTree = "<group>";
		};
/* End PBXGroup section */

/* Begin PBXNativeTarget section */
		A00000000000000000000006 /* CatholicFastingApp */ = {
			isa = PBXNativeTarget;
			buildConfigurationList = A00000000000000000000009 /* Build configuration list for PBXNativeTarget "CatholicFastingApp" */;
			buildPhases = (
				A0000000000000000000000B /* Sources */,
				A0000000000000000000000C /* Frameworks */,
				A0000000000000000000000D /* Resources */,
				A0000000000000000000007A /* Embed App Extensions */,
			);
			buildRules = (
			);
			dependencies = (
				A00000000000000000000083 /* PBXTargetDependency */,
			);
			name = CatholicFastingApp;
			productName = CatholicFastingApp;
			productReference = A0000000000000000000000F /* CatholicFastingApp.app */;
			productType = "com.apple.product-type.application";
		};
		A00000000000000000000027 /* CatholicFastingAppUITests */ = {
			isa = PBXNativeTarget;
			buildConfigurationList = A00000000000000000000028 /* Build configuration list for PBXNativeTarget "CatholicFastingAppUITests" */;
			buildPhases = (
				A00000000000000000000025 /* Sources */,
				A00000000000000000000026 /* Frameworks */,
			);
			buildRules = (
			);
			dependencies = (
				A0000000000000000000002C /* PBXTargetDependency */,
			);
			name = CatholicFastingAppUITests;
			productName = CatholicFastingAppUITests;
			productReference = A00000000000000000000022 /* CatholicFastingAppUITests.xctest */;
			productType = "com.apple.product-type.bundle.ui-testing";
		};
		A0000000000000000000007E /* CatholicFastingWidget */ = {
			isa = PBXNativeTarget;
			buildConfigurationList = A0000000000000000000007F /* Build configuration list for PBXNativeTarget "CatholicFastingWidget" */;
			buildPhases = (
				A0000000000000000000007B /* Sources */,
				A0000000000000000000007C /* Frameworks */,
				A0000000000000000000007D /* Resources */,
			);
			buildRules = (
			);
			dependencies = (
			);
			name = CatholicFastingWidget;
			productName = CatholicFastingWidget;
			productReference = A00000000000000000000070 /* CatholicFastingWidget.appex */;
			productType = "com.apple.product-type.app-extension";
		};
/* End PBXNativeTarget section */

/* Begin PBXProject section */
		A00000000000000000000007 /* Project object */ = {
			isa = PBXProject;
			attributes = {
				BuildIndependentTargetsInParallel = 1;
				LastSwiftUpdateCheck = 2620;
				LastUpgradeCheck = 2620;
				TargetAttributes = {
					A00000000000000000000006 = {
						CreatedOnToolsVersion = 26.2;
						SystemCapabilities = {
							com.apple.iCloud = {
								enabled = 1;
							};
						};
					};
					A00000000000000000000027 = {
						CreatedOnToolsVersion = 26.2;
						TestTargetID = A00000000000000000000006;
					};
					A0000000000000000000007E = {
						CreatedOnToolsVersion = 26.2;
					};
				};
			};
			buildConfigurationList = A00000000000000000000008 /* Build configuration list for PBXProject "CatholicFastingApp" */;
			compatibilityVersion = "Xcode 14.0";
			developmentRegion = en;
			hasScannedForEncodings = 0;
			knownRegions = (
				en,
				Base,
				es,
			);
			mainGroup = A00000000000000000000005;
			productRefGroup = A0000000000000000000000E /* Products */;
			projectDirPath = "";
			projectRoot = "";
			targets = (
				A00000000000000000000006 /* CatholicFastingApp */,
				A00000000000000000000027 /* CatholicFastingAppUITests */,
				A0000000000000000000007E /* CatholicFastingWidget */,
			);
		};
/* End PBXProject section */

/* Begin PBXResourcesBuildPhase section */
		A0000000000000000000000D /* Resources */ = {
			isa = PBXResourcesBuildPhase;
			buildActionMask = 2147483647;
			files = (
				A00000000000000000000004 /* Assets.xcassets in Resources */,
				A00000000000000000000040 /* Localizable.strings in Resources */,
				A00000000000000000000045 /* PrivacyInfo.xcprivacy in Resources */,
				A00000000000000000000091 /* IconFallbacks in Resources */,
			);
			runOnlyForDeploymentPostprocessing = 0;
		};
		A0000000000000000000007D /* Resources */ = {
			isa = PBXResourcesBuildPhase;
			buildActionMask = 2147483647;
			files = (
			);
			runOnlyForDeploymentPostprocessing = 0;
		};
/* End PBXResourcesBuildPhase section */

/* Begin PBXSourcesBuildPhase section */
		A0000000000000000000000B /* Sources */ = {
			isa = PBXSourcesBuildPhase;
			buildActionMask = 2147483647;
			files = (
				A00000000000000000000001 /* CatholicFastingAppApp.swift in Sources */,
				A00000000000000000000002 /* ContentView.swift in Sources */,
				A00000000000000000000003 /* ObservanceStore.swift in Sources */,
				A00000000000000000000030 /* RuleDomain.swift in Sources */,
				A00000000000000000000032 /* ObservanceCalculator.swift in Sources */,
				A0000000000000000000005A /* LiturgicalSeasonThemeEngine.swift in Sources */,
				A00000000000000000000034 /* CompletionStatusAndFastTracker.swift in Sources */,
				A0000000000000000000004C /* FridayPenanceNotes.swift in Sources */,
				A0000000000000000000004E /* IntermittentFastTracker.swift in Sources */,
				A00000000000000000000050 /* SyncDiagnostics.swift in Sources */,
				A00000000000000000000052 /* GuidanceEngines.swift in Sources */,
				A00000000000000000000036 /* RuleBundleRepository.swift in Sources */,
				A00000000000000000000054 /* DataProtectionEngine.swift in Sources */,
				A00000000000000000000056 /* SyncStore.swift in Sources */,
				A00000000000000000000058 /* FoundationDateExtensions.swift in Sources */,
				A00000000000000000000063 /* PremiumExperienceEngine.swift in Sources */,
				A000000000000000000000C2 /* PremiumJourneyEngine.swift in Sources */,
				A0000000000000000000009C /* GrowthContracts.swift in Sources */,
				A0000000000000000000009F /* RegionalGuidanceContext.swift in Sources */,
				A00000000000000000000038 /* ContentSupportViews.swift in Sources */,
				A0000000000000000000003A /* ContentView+DashboardSections.swift in Sources */,
				A00000000000000000000046 /* ContentView+CalendarSections.swift in Sources */,
				A00000000000000000000048 /* ContentView+IntermittentSections.swift in Sources */,
				A0000000000000000000004A /* ContentView+StateHelpers.swift in Sources */,
				A00000000000000000000097 /* ContentView+RootShell.swift in Sources */,
				A0000000000000000000009E /* ContentView+iPadLayouts.swift in Sources */,
				A000000000000000000000AD /* ContentView+iPadComponents.swift in Sources */,
				A000000000000000000000A0 /* ContentView+iPadToday.swift in Sources */,
				A000000000000000000000AF /* ContentView+iPadTodayCards.swift in Sources */,
				A000000000000000000000A1 /* ContentView+iPadFastingDays.swift in Sources */,
				A000000000000000000000B1 /* ContentView+iPadFastingDaysPanels.swift in Sources */,
				A000000000000000000000A2 /* ContentView+iPadTrackFast.swift in Sources */,
				A000000000000000000000B3 /* ContentView+iPadTrackFastPanels.swift in Sources */,
				A000000000000000000000A3 /* ContentView+iPadMore.swift in Sources */,
				A000000000000000000000A9 /* ContentView+iPadMoreDestinations.swift in Sources */,
				A000000000000000000000AB /* ContentView+iPadPremiumWorkspace.swift in Sources */,
				A00000000000000000000099 /* ContentView+PremiumCompanionSections.swift in Sources */,
				A000000000000000000000C3 /* ContentView+PremiumCompanionWorkflows.swift in Sources */,
				A000000000000000000000C4 /* ContentView+PremiumCompanionState.swift in Sources */,
				A0000000000000000000003C /* ContentView+GuidanceSections.swift in Sources */,
				A0000000000000000000003E /* ContentView+SettingsSections.swift in Sources */,
				A000000000000000000000C1 /* AppDesignSystem.swift in Sources */,
				A00000000000000000000095 /* AppShellTypes.swift in Sources */,
				A00000000000000000000096 /* ReminderScheduler.swift in Sources */,
			);
			runOnlyForDeploymentPostprocessing = 0;
		};
		A00000000000000000000025 /* Sources */ = {
			isa = PBXSourcesBuildPhase;
			buildActionMask = 2147483647;
			files = (
				A00000000000000000000020 /* CatholicFastingAppUITests.swift in Sources */,
				A000000000000000000000C5 /* CatholicFastingAppUITests+OnboardingSetup.swift in Sources */,
				A000000000000000000000C6 /* CatholicFastingAppUITests+TodayCalendar.swift in Sources */,
				A000000000000000000000C7 /* CatholicFastingAppUITests+Premium.swift in Sources */,
				A000000000000000000000C8 /* CatholicFastingAppUITests+TrackFast.swift in Sources */,
				A000000000000000000000C9 /* CatholicFastingAppUITests+IPadNavigation.swift in Sources */,
			);
			runOnlyForDeploymentPostprocessing = 0;
		};
		A0000000000000000000007B /* Sources */ = {
			isa = PBXSourcesBuildPhase;
			buildActionMask = 2147483647;
			files = (
				A00000000000000000000076 /* CatholicFastingWidgetBundle.swift in Sources */,
				A00000000000000000000077 /* CatholicFastingWidget.swift in Sources */,
			);
			runOnlyForDeploymentPostprocessing = 0;
		};
/* End PBXSourcesBuildPhase section */

/* Begin PBXTargetDependency section */
		A0000000000000000000002C /* PBXTargetDependency */ = {
			isa = PBXTargetDependency;
			target = A00000000000000000000006 /* CatholicFastingApp */;
			targetProxy = A0000000000000000000002B /* PBXContainerItemProxy */;
		};
		A00000000000000000000083 /* PBXTargetDependency */ = {
			isa = PBXTargetDependency;
			target = A0000000000000000000007E /* CatholicFastingWidget */;
			targetProxy = A00000000000000000000082 /* PBXContainerItemProxy */;
		};
/* End PBXTargetDependency section */

/* Begin PBXVariantGroup section */
		A00000000000000000000043 /* Localizable.strings */ = {
			isa = PBXVariantGroup;
			children = (
				A00000000000000000000041 /* en */,
				A00000000000000000000042 /* es */,
			);
			name = Localizable.strings;
			sourceTree = "<group>";
		};
/* End PBXVariantGroup section */

/* Begin XCBuildConfiguration section */
		A00000000000000000000016 /* Debug */ = {
			isa = XCBuildConfiguration;
			buildSettings = {
				ALWAYS_SEARCH_USER_PATHS = NO;
				CLANG_ANALYZER_NONNULL = YES;
				CLANG_ANALYZER_NUMBER_OBJECT_CONVERSION = YES_AGGRESSIVE;
				CLANG_CXX_LANGUAGE_STANDARD = "gnu++20";
				CLANG_ENABLE_MODULES = YES;
				CLANG_ENABLE_OBJC_ARC = YES;
				CLANG_ENABLE_OBJC_WEAK = YES;
				CLANG_WARN_BLOCK_CAPTURE_AUTORELEASING = YES;
				CLANG_WARN_BOOL_CONVERSION = YES;
				CLANG_WARN_COMMA = YES;
				CLANG_WARN_CONSTANT_CONVERSION = YES;
				CLANG_WARN_DEPRECATED_OBJC_IMPLEMENTATIONS = YES;
				CLANG_WARN_DIRECT_OBJC_ISA_USAGE = YES_ERROR;
				CLANG_WARN_DOCUMENTATION_COMMENTS = YES;
				CLANG_WARN_EMPTY_BODY = YES;
				CLANG_WARN_ENUM_CONVERSION = YES;
				CLANG_WARN_INFINITE_RECURSION = YES;
				CLANG_WARN_INT_CONVERSION = YES;
				CLANG_WARN_NON_LITERAL_NULL_CONVERSION = YES;
				CLANG_WARN_OBJC_IMPLICIT_RETAIN_SELF = YES;
				CLANG_WARN_OBJC_LITERAL_CONVERSION = YES;
				CLANG_WARN_OBJC_ROOT_CLASS = YES_ERROR;
				CLANG_WARN_QUOTED_INCLUDE_IN_FRAMEWORK_HEADER = YES;
				CLANG_WARN_RANGE_LOOP_ANALYSIS = YES;
				CLANG_WARN_STRICT_PROTOTYPES = YES;
				CLANG_WARN_SUSPICIOUS_MOVE = YES;
				CLANG_WARN_UNGUARDED_AVAILABILITY = YES_AGGRESSIVE;
				CLANG_WARN_UNREACHABLE_CODE = YES;
				COPY_PHASE_STRIP = NO;
				DEBUG_INFORMATION_FORMAT = dwarf;
				ENABLE_STRICT_OBJC_MSGSEND = YES;
				ENABLE_TESTABILITY = YES;
				GCC_C_LANGUAGE_STANDARD = gnu17;
				GCC_DYNAMIC_NO_PIC = NO;
				GCC_NO_COMMON_BLOCKS = YES;
				GCC_OPTIMIZATION_LEVEL = 0;
				GCC_PREPROCESSOR_DEFINITIONS = (
					"DEBUG=1",
					"$(inherited)",
				);
				GCC_WARN_64_TO_32_BIT_CONVERSION = YES;
				GCC_WARN_ABOUT_RETURN_TYPE = YES_ERROR;
				GCC_WARN_UNDECLARED_SELECTOR = YES;
				GCC_WARN_UNINITIALIZED_AUTOS = YES_AGGRESSIVE;
				GCC_WARN_UNUSED_FUNCTION = YES;
				GCC_WARN_UNUSED_VARIABLE = YES;
				IPHONEOS_DEPLOYMENT_TARGET = 18.0;
				MTL_ENABLE_DEBUG_INFO = INCLUDE_SOURCE;
				MTL_FAST_MATH = YES;
				ONLY_ACTIVE_ARCH = YES;
				SDKROOT = iphoneos;
				SWIFT_ACTIVE_COMPILATION_CONDITIONS = "DEBUG $(inherited)";
				SWIFT_OPTIMIZATION_LEVEL = "-Onone";
			};
			name = Debug;
		};
		A00000000000000000000017 /* Release */ = {
			isa = XCBuildConfiguration;
			buildSettings = {
				ALWAYS_SEARCH_USER_PATHS = NO;
				CLANG_ANALYZER_NONNULL = YES;
				CLANG_ANALYZER_NUMBER_OBJECT_CONVERSION = YES_AGGRESSIVE;
				CLANG_CXX_LANGUAGE_STANDARD = "gnu++20";
				CLANG_ENABLE_MODULES = YES;
				CLANG_ENABLE_OBJC_ARC = YES;
				CLANG_ENABLE_OBJC_WEAK = YES;
				CLANG_WARN_BLOCK_CAPTURE_AUTORELEASING = YES;
				CLANG_WARN_BOOL_CONVERSION = YES;
				CLANG_WARN_COMMA = YES;
				CLANG_WARN_CONSTANT_CONVERSION = YES;
				CLANG_WARN_DEPRECATED_OBJC_IMPLEMENTATIONS = YES;
				CLANG_WARN_DIRECT_OBJC_ISA_USAGE = YES_ERROR;
				CLANG_WARN_DOCUMENTATION_COMMENTS = YES;
				CLANG_WARN_EMPTY_BODY = YES;
				CLANG_WARN_ENUM_CONVERSION = YES;
				CLANG_WARN_INFINITE_RECURSION = YES;
				CLANG_WARN_INT_CONVERSION = YES;
				CLANG_WARN_NON_LITERAL_NULL_CONVERSION = YES;
				CLANG_WARN_OBJC_IMPLICIT_RETAIN_SELF = YES;
				CLANG_WARN_OBJC_LITERAL_CONVERSION = YES;
				CLANG_WARN_OBJC_ROOT_CLASS = YES_ERROR;
				CLANG_WARN_QUOTED_INCLUDE_IN_FRAMEWORK_HEADER = YES;
				CLANG_WARN_RANGE_LOOP_ANALYSIS = YES;
				CLANG_WARN_STRICT_PROTOTYPES = YES;
				CLANG_WARN_SUSPICIOUS_MOVE = YES;
				CLANG_WARN_UNGUARDED_AVAILABILITY = YES_AGGRESSIVE;
				CLANG_WARN_UNREACHABLE_CODE = YES;
				COPY_PHASE_STRIP = NO;
				DEBUG_INFORMATION_FORMAT = "dwarf-with-dsym";
				ENABLE_NS_ASSERTIONS = NO;
				ENABLE_STRICT_OBJC_MSGSEND = YES;
				GCC_C_LANGUAGE_STANDARD = gnu17;
				GCC_NO_COMMON_BLOCKS = YES;
				GCC_WARN_64_TO_32_BIT_CONVERSION = YES;
				GCC_WARN_ABOUT_RETURN_TYPE = YES_ERROR;
				GCC_WARN_UNDECLARED_SELECTOR = YES;
				GCC_WARN_UNINITIALIZED_AUTOS = YES_AGGRESSIVE;
				GCC_WARN_UNUSED_FUNCTION = YES;
				GCC_WARN_UNUSED_VARIABLE = YES;
				IPHONEOS_DEPLOYMENT_TARGET = 18.0;
				MTL_ENABLE_DEBUG_INFO = NO;
				MTL_FAST_MATH = YES;
				SDKROOT = iphoneos;
				SWIFT_COMPILATION_MODE = wholemodule;
				VALIDATE_PRODUCT = YES;
			};
			name = Release;
		};
		A00000000000000000000018 /* Debug */ = {
			isa = XCBuildConfiguration;
			buildSettings = {
				ASSETCATALOG_COMPILER_APPICON_NAME = AppIcon;
				ASSETCATALOG_COMPILER_GLOBAL_ACCENT_COLOR_NAME = AccentColor;
				ASSETCATALOG_COMPILER_INCLUDE_ALL_APPICON_ASSETS = YES;
				CODE_SIGN_ENTITLEMENTS = CatholicFastingApp/CatholicFastingApp.entitlements;
				CODE_SIGN_STYLE = Automatic;
				CURRENT_PROJECT_VERSION = 10;
				DEVELOPMENT_ASSET_PATHS = "\"CatholicFastingApp/Preview Content\"";
				DEVELOPMENT_TEAM = 22L6MB4Z6V;
				ENABLE_PREVIEWS = YES;
				ENABLE_USER_SCRIPT_SANDBOXING = YES;
				GENERATE_INFOPLIST_FILE = NO;
				INFOPLIST_FILE = CatholicFastingApp/Info.plist;
				INFOPLIST_KEY_CFBundleDisplayName = "Catholic Fasting App";
				INFOPLIST_KEY_LSApplicationCategoryType = "public.app-category.lifestyle";
				INFOPLIST_KEY_UIApplicationSceneManifest_Generation = YES;
				INFOPLIST_KEY_UIApplicationSupportsIndirectInputEvents = YES;
				INFOPLIST_KEY_UILaunchScreen_Generation = YES;
				INFOPLIST_KEY_UISupportedInterfaceOrientations_iPad = "UIInterfaceOrientationPortrait UIInterfaceOrientationPortraitUpsideDown UIInterfaceOrientationLandscapeLeft UIInterfaceOrientationLandscapeRight";
				INFOPLIST_KEY_UISupportedInterfaceOrientations_iPhone = "UIInterfaceOrientationPortrait UIInterfaceOrientationLandscapeLeft UIInterfaceOrientationLandscapeRight";
				IPHONEOS_DEPLOYMENT_TARGET = 18.0;
				LD_RUNPATH_SEARCH_PATHS = (
					"$(inherited)",
					"@executable_path/Frameworks",
				);
				MARKETING_VERSION = 4.0;
				PRODUCT_BUNDLE_IDENTIFIER = com.kevpierce.CatholicFastingApp;
				PRODUCT_NAME = "$(TARGET_NAME)";
				SUPPORTED_PLATFORMS = "iphonesimulator iphoneos";
				SWIFT_EMIT_LOC_STRINGS = YES;
				SWIFT_VERSION = 5.0;
				TARGETED_DEVICE_FAMILY = "1,2";
			};
			name = Debug;
		};
		A00000000000000000000019 /* Release */ = {
			isa = XCBuildConfiguration;
			buildSettings = {
				APP_SHORTCUTS_ENABLE_FLEXIBLE_MATCHING = NO;
				ASSETCATALOG_COMPILER_APPICON_NAME = AppIcon;
				ASSETCATALOG_COMPILER_GLOBAL_ACCENT_COLOR_NAME = AccentColor;
				ASSETCATALOG_COMPILER_INCLUDE_ALL_APPICON_ASSETS = YES;
				CODE_SIGN_ENTITLEMENTS = CatholicFastingApp/CatholicFastingApp.entitlements;
				CODE_SIGN_STYLE = Automatic;
				CURRENT_PROJECT_VERSION = 10;
				DEVELOPMENT_TEAM = 22L6MB4Z6V;
				ENABLE_PREVIEWS = NO;
				ENABLE_USER_SCRIPT_SANDBOXING = YES;
				GENERATE_INFOPLIST_FILE = NO;
				INFOPLIST_FILE = CatholicFastingApp/Info.plist;
				INFOPLIST_KEY_CFBundleDisplayName = "Catholic Fasting App";
				INFOPLIST_KEY_LSApplicationCategoryType = "public.app-category.lifestyle";
				INFOPLIST_KEY_UIApplicationSceneManifest_Generation = YES;
				INFOPLIST_KEY_UIApplicationSupportsIndirectInputEvents = YES;
				INFOPLIST_KEY_UILaunchScreen_Generation = YES;
				INFOPLIST_KEY_UISupportedInterfaceOrientations_iPad = "UIInterfaceOrientationPortrait UIInterfaceOrientationPortraitUpsideDown UIInterfaceOrientationLandscapeLeft UIInterfaceOrientationLandscapeRight";
				INFOPLIST_KEY_UISupportedInterfaceOrientations_iPhone = "UIInterfaceOrientationPortrait UIInterfaceOrientationLandscapeLeft UIInterfaceOrientationLandscapeRight";
				IPHONEOS_DEPLOYMENT_TARGET = 18.0;
				LD_RUNPATH_SEARCH_PATHS = (
					"$(inherited)",
					"@executable_path/Frameworks",
				);
				MARKETING_VERSION = 4.0;
				PRODUCT_BUNDLE_IDENTIFIER = com.kevpierce.CatholicFastingApp;
				PRODUCT_NAME = "$(TARGET_NAME)";
				SUPPORTED_PLATFORMS = "iphonesimulator iphoneos";
				SWIFT_EMIT_LOC_STRINGS = YES;
				SWIFT_VERSION = 5.0;
				TARGETED_DEVICE_FAMILY = "1,2";
			};
			name = Release;
		};
		A00000000000000000000029 /* Debug */ = {
			isa = XCBuildConfiguration;
			buildSettings = {
				CODE_SIGN_STYLE = Automatic;
				CURRENT_PROJECT_VERSION = 10;
				DEVELOPMENT_TEAM = 22L6MB4Z6V;
				ENABLE_USER_SCRIPT_SANDBOXING = YES;
				GENERATE_INFOPLIST_FILE = NO;
				INFOPLIST_FILE = CatholicFastingAppUITests/Info.plist;
				IPHONEOS_DEPLOYMENT_TARGET = 18.0;
				LD_RUNPATH_SEARCH_PATHS = (
					"$(inherited)",
					"@executable_path/Frameworks",
					"@loader_path/Frameworks",
				);
				MARKETING_VERSION = 4.0;
				PRODUCT_BUNDLE_IDENTIFIER = com.kevpierce.CatholicFastingAppUITests;
				PRODUCT_NAME = "$(TARGET_NAME)";
				SUPPORTED_PLATFORMS = "iphonesimulator iphoneos";
				SWIFT_VERSION = 5.0;
				TARGETED_DEVICE_FAMILY = "1,2";
				TEST_TARGET_NAME = CatholicFastingApp;
			};
			name = Debug;
		};
		A0000000000000000000002A /* Release */ = {
			isa = XCBuildConfiguration;
			buildSettings = {
				CODE_SIGN_STYLE = Automatic;
				CURRENT_PROJECT_VERSION = 10;
				DEVELOPMENT_TEAM = 22L6MB4Z6V;
				ENABLE_USER_SCRIPT_SANDBOXING = YES;
				GENERATE_INFOPLIST_FILE = NO;
				INFOPLIST_FILE = CatholicFastingAppUITests/Info.plist;
				IPHONEOS_DEPLOYMENT_TARGET = 18.0;
				LD_RUNPATH_SEARCH_PATHS = (
					"$(inherited)",
					"@executable_path/Frameworks",
					"@loader_path/Frameworks",
				);
				MARKETING_VERSION = 4.0;
				PRODUCT_BUNDLE_IDENTIFIER = com.kevpierce.CatholicFastingAppUITests;
				PRODUCT_NAME = "$(TARGET_NAME)";
				SUPPORTED_PLATFORMS = "iphonesimulator iphoneos";
				SWIFT_VERSION = 5.0;
				TARGETED_DEVICE_FAMILY = "1,2";
				TEST_TARGET_NAME = CatholicFastingApp;
			};
			name = Release;
		};
		A00000000000000000000080 /* Debug */ = {
			isa = XCBuildConfiguration;
			buildSettings = {
				APPLICATION_EXTENSION_API_ONLY = YES;
				CODE_SIGN_ENTITLEMENTS = CatholicFastingWidget/CatholicFastingWidget.entitlements;
				CODE_SIGN_STYLE = Automatic;
				CURRENT_PROJECT_VERSION = 10;
				DEVELOPMENT_TEAM = 22L6MB4Z6V;
				ENABLE_USER_SCRIPT_SANDBOXING = YES;
				GENERATE_INFOPLIST_FILE = NO;
				INFOPLIST_FILE = CatholicFastingWidget/Info.plist;
				IPHONEOS_DEPLOYMENT_TARGET = 18.0;
				LD_RUNPATH_SEARCH_PATHS = (
					"$(inherited)",
					"@executable_path/Frameworks",
					"@executable_path/../../Frameworks",
				);
				MARKETING_VERSION = 4.0;
				PRODUCT_BUNDLE_IDENTIFIER = com.kevpierce.CatholicFastingApp.CatholicFastingWidget;
				PRODUCT_NAME = "$(TARGET_NAME)";
				SKIP_INSTALL = YES;
				SUPPORTED_PLATFORMS = "iphonesimulator iphoneos";
				SWIFT_VERSION = 5.0;
				TARGETED_DEVICE_FAMILY = "1,2";
			};
			name = Debug;
		};
		A00000000000000000000081 /* Release */ = {
			isa = XCBuildConfiguration;
			buildSettings = {
				APPLICATION_EXTENSION_API_ONLY = YES;
				CODE_SIGN_ENTITLEMENTS = CatholicFastingWidget/CatholicFastingWidget.entitlements;
				CODE_SIGN_STYLE = Automatic;
				CURRENT_PROJECT_VERSION = 10;
				DEVELOPMENT_TEAM = 22L6MB4Z6V;
				ENABLE_USER_SCRIPT_SANDBOXING = YES;
				GENERATE_INFOPLIST_FILE = NO;
				INFOPLIST_FILE = CatholicFastingWidget/Info.plist;
				IPHONEOS_DEPLOYMENT_TARGET = 18.0;
				LD_RUNPATH_SEARCH_PATHS = (
					"$(inherited)",
					"@executable_path/Frameworks",
					"@executable_path/../../Frameworks",
				);
				MARKETING_VERSION = 4.0;
				PRODUCT_BUNDLE_IDENTIFIER = com.kevpierce.CatholicFastingApp.CatholicFastingWidget;
				PRODUCT_NAME = "$(TARGET_NAME)";
				SKIP_INSTALL = YES;
				SUPPORTED_PLATFORMS = "iphonesimulator iphoneos";
				SWIFT_VERSION = 5.0;
				TARGETED_DEVICE_FAMILY = "1,2";
			};
			name = Release;
		};
/* End XCBuildConfiguration section */

/* Begin XCConfigurationList section */
		A00000000000000000000008 /* Build configuration list for PBXProject "CatholicFastingApp" */ = {
			isa = XCConfigurationList;
			buildConfigurations = (
				A00000000000000000000016 /* Debug */,
				A00000000000000000000017 /* Release */,
			);
			defaultConfigurationIsVisible = 0;
			defaultConfigurationName = Release;
		};
		A00000000000000000000009 /* Build configuration list for PBXNativeTarget "CatholicFastingApp" */ = {
			isa = XCConfigurationList;
			buildConfigurations = (
				A00000000000000000000018 /* Debug */,
				A00000000000000000000019 /* Release */,
			);
			defaultConfigurationIsVisible = 0;
			defaultConfigurationName = Release;
		};
		A00000000000000000000028 /* Build configuration list for PBXNativeTarget "CatholicFastingAppUITests" */ = {
			isa = XCConfigurationList;
			buildConfigurations = (
				A00000000000000000000029 /* Debug */,
				A0000000000000000000002A /* Release */,
			);
			defaultConfigurationIsVisible = 0;
			defaultConfigurationName = Release;
		};
		A0000000000000000000007F /* Build configuration list for PBXNativeTarget "CatholicFastingWidget" */ = {
			isa = XCConfigurationList;
			buildConfigurations = (
				A00000000000000000000080 /* Debug */,
				A00000000000000000000081 /* Release */,
			);
			defaultConfigurationIsVisible = 0;
			defaultConfigurationName = Release;
		};
/* End XCConfigurationList section */
	};
	rootObject = A00000000000000000000007 /* Project object */;
}
